
Microsoft Visual Studio Solution File, Format Version 12.00
# Visual Studio Version 17
VisualStudioVersion = 17.4.33213.308
MinimumVisualStudioVersion = 10.0.40219.1
Project("{FAE04EC0-301F-11D3-BF4B-00C04F79EFBC}") = "formRecognizer_quickstart", "formRecognizer_quickstart\formRecognizer_quickstart.csproj", "{2AC50E06-99B4-4EB6-8D61-B08600D85EF8}"
EndProject
Global
	GlobalSection(SolutionConfigurationPlatforms) = preSolution
		Debug|Any CPU = Debug|Any CPU
		Release|Any CPU = Release|Any CPU
	EndGlobalSection
	GlobalSection(ProjectConfigurationPlatforms) = postSolution
		{2AC50E06-99B4-4EB6-8D61-B08600D85EF8}.Debug|Any CPU.ActiveCfg = Debug|Any CPU
		{2AC50E06-99B4-4EB6-8D61-B08600D85EF8}.Debug|Any CPU.Build.0 = Debug|Any CPU
		{2AC50E06-99B4-4EB6-8D61-B08600D85EF8}.Release|Any CPU.ActiveCfg = Release|Any CPU
		{2AC50E06-99B4-4EB6-8D61-B08600D85EF8}.Release|Any CPU.Build.0 = Release|Any CPU
	EndGlobalSection
	GlobalSection(SolutionProperties) = preSolution
		HideSolutionNode = FALSE
	EndGlobalSection
	GlobalSection(ExtensibilityGlobals) = postSolution
		SolutionGuid = {2BC97B2E-9931-43F8-9CF9-398094A5A398}
	EndGlobalSection
EndGlobal
